// !$*UTF8*$!
{
	archiveVersion = 1;
	classes = {
	};
	objectVersion = 56;
	objects = {

/* Begin PBXBuildFile section */
		D6EE1DF82AD4D6130019C52F /* AppDelegate.swift in Sources */ = {isa = PBXBuildFile; fileRef = D6EE1DF72AD4D6130019C52F /* AppDelegate.swift */; };
		D6EE1DFA2AD4D6130019C52F /* SceneDelegate.swift in Sources */ = {isa = PBXBuildFile; fileRef = D6EE1DF92AD4D6130019C52F /* SceneDelegate.swift */; };
		D6EE1DFC2AD4D6130019C52F /* ViewController.swift in Sources */ = {isa = PBXBuildFile; fileRef = D6EE1DFB2AD4D6130019C52F /* ViewController.swift */; };
		D6EE1DFF2AD4D6130019C52F /* Main.storyboard in Resources */ = {isa = PBXBuildFile; fileRef = D6EE1DFD2AD4D6130019C52F /* Main.storyboard */; };
		D6EE1E012AD4D6160019C52F /* Assets.xcassets in Resources */ = {isa = PBXBuildFile; fileRef = D6EE1E002AD4D6160019C52F /* Assets.xcassets */; };
		D6EE1E042AD4D6160019C52F /* LaunchScreen.storyboard in Resources */ = {isa = PBXBuildFile; fileRef = D6EE1E022AD4D6160019C52F /* LaunchScreen.storyboard */; };
		D6EE1E0F2AD4D6160019C52F /* iQuizTests.swift in Sources */ = {isa = PBXBuildFile; fileRef = D6EE1E0E2AD4D6160019C52F /* iQuizTests.swift */; };
		D6EE1E192AD4D6160019C52F /* iQuizUITests.swift in Sources */ = {isa = PBXBuildFile; fileRef = D6EE1E182AD4D6160019C52F /* iQuizUITests.swift */; };
		D6EE1E1B2AD4D6160019C52F /* iQuizUITestsLaunchTests.swift in Sources */ = {isa = PBXBuildFile; fileRef = D6EE1E1A2AD4D6160019C52F /* iQuizUITestsLaunchTests.swift */; };
/* End PBXBuildFile section */

/* Begin PBXContainerItemProxy section */
		D6EE1E0B2AD4D6160019C52F /* PBXContainerItemProxy */ = {
			isa = PBXContainerItemProxy;
			containerPortal = D6EE1DEC2AD4D6130019C52F /* Project object */;
			proxyType = 1;
			remoteGlobalIDString = D6EE1DF32AD4D6130019C52F;
			remoteInfo = iQuiz;
		};
		D6EE1E152AD4D6160019C52F /* PBXContainerItemProxy */ = {
			isa = PBXContainerItemProxy;
			containerPortal = D6EE1DEC2AD4D6130019C52F /* Project object */;
			proxyType = 1;
			remoteGlobalIDString = D6EE1DF32AD4D6130019C52F;
			remoteInfo = iQuiz;
		};
/* End PBXContainerItemProxy section */

/* Begin PBXFileReference section */
		D6EE1DF42AD4D6130019C52F /* iQuiz.app */ = {isa = PBXFileReference; explicitFileType = wrapper.application; includeInIndex = 0; path = iQuiz.app; sourceTree = BUILT_PRODUCTS_DIR; };
		D6EE1DF72AD4D6130019C52F /* AppDelegate.swift */ = {isa = PBXFileReference; lastKnownFileType = sourcecode.swift; path = AppDelegate.swift; sourceTree = "<group>"; };
		D6EE1DF92AD4D6130019C52F /* SceneDelegate.swift */ = {isa = PBXFileReference; lastKnownFileType = sourcecode.swift; path = SceneDelegate.swift; sourceTree = "<group>"; };
		D6EE1DFB2AD4D6130019C52F /* ViewController.swift */ = {isa = PBXFileReference; lastKnownFileType = sourcecode.swift; path = ViewController.swift; sourceTree = "<group>"; };
		D6EE1DFE2AD4D6130019C52F /* Base */ = {isa = PBXFileReference; lastKnownFileType = file.storyboard; name = Base; path = Base.lproj/Main.storyboard; sourceTree = "<group>"; };
		D6EE1E002AD4D6160019C52F /* Assets.xcassets */ = {isa = PBXFileReference; lastKnownFileType = folder.assetcatalog; path = Assets.xcassets; sourceTree = "<group>"; };
		D6EE1E032AD4D6160019C52F /* Base */ = {isa = PBXFileReference; lastKnownFileType = file.storyboard; name = Base; path = Base.lproj/LaunchScreen.storyboard; sourceTree = "<group>"; };
		D6EE1E052AD4D6160019C52F /* Info.plist */ = {isa = PBXFileReference; lastKnownFileType = text.plist.xml; path = Info.plist; sourceTree = "<group>"; };
		D6EE1E0A2AD4D6160019C52F /* iQuizTests.xctest */ = {isa = PBXFileReference; explicitFileType = wrapper.cfbundle; includeInIndex = 0; path = iQuizTests.xctest; sourceTree = BUILT_PRODUCTS_DIR; };
		D6EE1E0E2AD4D6160019C52F /* iQuizTests.swift */ = {isa = PBXFileReference; lastKnownFileType = sourcecode.swift; path = iQuizTests.swift; sourceTree = "<group>"; };
		D6EE1E142AD4D6160019C52F /* iQuizUITests.xctest */ = {isa = PBXFileReference; explicitFileType = wrapper.cfbundle; includeInIndex = 0; path = iQuizUITests.xctest; sourceTree = BUILT_PRODUCTS_DIR; };
		D6EE1E182AD4D6160019C52F /* iQuizUITests.swift */ = {isa = PBXFileReference; lastKnownFileType = sourcecode.swift; path = iQuizUITests.swift; sourceTree = "<group>"; };
		D6EE1E1A2AD4D6160019C52F /* iQuizUITestsLaunchTests.swift */ = {isa = PBXFileReference; lastKnownFileType = sourcecode.swift; path = iQuizUITestsLaunchTests.swift; sourceTree = "<group>"; };
/* End PBXFileReference section */

/* Begin PBXFrameworksBuildPhase section */
		D6EE1DF12AD4D6130019C52F /* Frameworks */ = {
			isa = PBXFrameworksBuildPhase;
			buildActionMask = 2147483647;
			files = (
			);
			runOnlyForDeploymentPostprocessing = 0;
		};
		D6EE1E072AD4D6160019C52F /* Frameworks */ = {
			isa = PBXFrameworksBuildPhase;
			buildActionMask = 2147483647;
			files = (
			);
			runOnlyForDeploymentPostprocessing = 0;
		};
		D6EE1E112AD4D6160019C52F /* Frameworks */ = {
			isa = PBXFrameworksBuildPhase;
			buildActionMask = 2147483647;
			files = (
			);
			runOnlyForDeploymentPostprocessing = 0;
		};
/* End PBXFrameworksBuildPhase section */

/* Begin PBXGroup section */
		D6EE1DEB2AD4D6130019C52F = {
			isa = PBXGroup;
			children = (
				D6EE1DF62AD4D6130019C52F /* iQuiz */,
				D6EE1E0D2AD4D6160019C52F /* iQuizTests */,
				D6EE1E172AD4D6160019C52F /* iQuizUITests */,
				D6EE1DF52AD4D6130019C52F /* Products */,
			);
			sourceTree = "<group>";
		};
		D6EE1DF52AD4D6130019C52F /* Products */ = {
			isa = PBXGroup;
			children = (
				D6EE1DF42AD4D6130019C52F /* iQuiz.app */,
				D6EE1E0A2AD4D6160019C52F /* iQuizTests.xctest */,
				D6EE1E142AD4D6160019C52F /* iQuizUITests.xctest */,
			);
			name = Products;
			sourceTree = "<group>";
		};
		D6EE1DF62AD4D6130019C52F /* iQuiz */ = {
			isa = PBXGroup;
			children = (
				D6EE1DF72AD4D6130019C52F /* AppDelegate.swift */,
				D6EE1DF92AD4D6130019C52F /* SceneDelegate.swift */,
				D6EE1DFB2AD4D6130019C52F /* ViewController.swift */,
				D6EE1DFD2AD4D6130019C52F /* Main.storyboard */,
				D6EE1E002AD4D6160019C52F /* Assets.xcassets */,
				D6EE1E022AD4D6160019C52F /* LaunchScreen.storyboard */,
				D6EE1E052AD4D6160019C52F /* Info.plist */,
			);
			path = iQuiz;
			sourceTree = "<group>";
		};
		D6EE1E0D2AD4D6160019C52F /* iQuizTests */ = {
			isa = PBXGroup;
			children = (
				D6EE1E0E2AD4D6160019C52F /* iQuizTests.swift */,
			);
			path = iQuizTests;
			sourceTree = "<group>";
		};
		D6EE1E172AD4D6160019C52F /* iQuizUITests */ = {
			isa = PBXGroup;
			children = (
				D6EE1E182AD4D6160019C52F /* iQuizUITests.swift */,
				D6EE1E1A2AD4D6160019C52F /* iQuizUITestsLaunchTests.swift */,
			);
			path = iQuizUITests;
			sourceTree = "<group>";
		};
/* End PBXGroup section */

/* Begin PBXNativeTarget section */
		D6EE1DF32AD4D6130019C52F /* iQuiz */ = {
			isa = PBXNativeTarget;
			buildConfigurationList = D6EE1E1E2AD4D6160019C52F /* Build configuration list for PBXNativeTarget "iQuiz" */;
			buildPhases = (
				D6EE1DF02AD4D6130019C52F /* Sources */,
				D6EE1DF12AD4D6130019C52F /* Frameworks */,
				D6EE1DF22AD4D6130019C52F /* Resources */,
			);
			buildRules = (
			);
			dependencies = (
			);
			name = iQuiz;
			productName = iQuiz;
			productReference = D6EE1DF42AD4D6130019C52F /* iQuiz.app */;
			productType = "com.apple.product-type.application";
		};
		D6EE1E092AD4D6160019C52F /* iQuizTests */ = {
			isa = PBXNativeTarget;
			buildConfigurationList = D6EE1E212AD4D6160019C52F /* Build configuration list for PBXNativeTarget "iQuizTests" */;
			buildPhases = (
				D6EE1E062AD4D6160019C52F /* Sources */,
				D6EE1E072AD4D6160019C52F /* Frameworks */,
				D6EE1E082AD4D6160019C52F /* Resources */,
			);
			buildRules = (
			);
			dependencies = (
				D6EE1E0C2AD4D6160019C52F /* PBXTargetDependency */,
			);
			name = iQuizTests;
			productName = iQuizTests;
			productReference = D6EE1E0A2AD4D6160019C52F /* iQuizTests.xctest */;
			productType = "com.apple.product-type.bundle.unit-test";
		};
		D6EE1E132AD4D6160019C52F /* iQuizUITests */ = {
			isa = PBXNativeTarget;
			buildConfigurationList = D6EE1E242AD4D6160019C52F /* Build configuration list for PBXNativeTarget "iQuizUITests" */;
			buildPhases = (
				D6EE1E102AD4D6160019C52F /* Sources */,
				D6EE1E112AD4D6160019C52F /* Frameworks */,
				D6EE1E122AD4D6160019C52F /* Resources */,
			);
			buildRules = (
			);
			dependencies = (
				D6EE1E162AD4D6160019C52F /* PBXTargetDependency */,
			);
			name = iQuizUITests;
			productName = iQuizUITests;
			productReference = D6EE1E142AD4D6160019C52F /* iQuizUITests.xctest */;
			productType = "com.apple.product-type.bundle.ui-testing";
		};
/* End PBXNativeTarget section */

/* Begin PBXProject section */
		D6EE1DEC2AD4D6130019C52F /* Project object */ = {
			isa = PBXProject;
			attributes = {
				BuildIndependentTargetsInParallel = 1;
				LastSwiftUpdateCheck = 1500;
				LastUpgradeCheck = 1500;
				TargetAttributes = {
					D6EE1DF32AD4D6130019C52F = {
						CreatedOnToolsVersion = 15.0;
					};
					D6EE1E092AD4D6160019C52F = {
						CreatedOnToolsVersion = 15.0;
						TestTargetID = D6EE1DF32AD4D6130019C52F;
					};
					D6EE1E132AD4D6160019C52F = {
						CreatedOnToolsVersion = 15.0;
						TestTargetID = D6EE1DF32AD4D6130019C52F;
					};
				};
			};
			buildConfigurationList = D6EE1DEF2AD4D6130019C52F /* Build configuration list for PBXProject "iQuiz" */;
			compatibilityVersion = "Xcode 14.0";
			developmentRegion = en;
			hasScannedForEncodings = 0;
			knownRegions = (
				en,
				Base,
			);
			mainGroup = D6EE1DEB2AD4D6130019C52F;
			productRefGroup = D6EE1DF52AD4D6130019C52F /* Products */;
			projectDirPath = "";
			projectRoot = "";
			targets = (
				D6EE1DF32AD4D6130019C52F /* iQuiz */,
				D6EE1E092AD4D6160019C52F /* iQuizTests */,
				D6EE1E132AD4D6160019C52F /* iQuizUITests */,
			);
		};
/* End PBXProject section */

/* Begin PBXResourcesBuildPhase section */
		D6EE1DF22AD4D6130019C52F /* Resources */ = {
			isa = PBXResourcesBuildPhase;
			buildActionMask = 2147483647;
			files = (
				D6EE1E042AD4D6160019C52F /* LaunchScreen.storyboard in Resources */,
				D6EE1E012AD4D6160019C52F /* Assets.xcassets in Resources */,
				D6EE1DFF2AD4D6130019C52F /* Main.storyboard in Resources */,
			);
			runOnlyForDeploymentPostprocessing = 0;
		};
		D6EE1E082AD4D6160019C52F /* Resources */ = {
			isa = PBXResourcesBuildPhase;
			buildActionMask = 2147483647;
			files = (
			);
			runOnlyForDeploymentPostprocessing = 0;
		};
		D6EE1E122AD4D6160019C52F /* Resources */ = {
			isa = PBXResourcesBuildPhase;
			buildActionMask = 2147483647;
			files = (
			);
			runOnlyForDeploymentPostprocessing = 0;
		};
/* End PBXResourcesBuildPhase section */

/* Begin PBXSourcesBuildPhase section */
		D6EE1DF02AD4D6130019C52F /* Sources */ = {
			isa = PBXSourcesBuildPhase;
			buildActionMask = 2147483647;
			files = (
				D6EE1DFC2AD4D6130019C52F /* ViewController.swift in Sources */,
				D6EE1DF82AD4D6130019C52F /* AppDelegate.swift in Sources */,
				D6EE1DFA2AD4D6130019C52F /* SceneDelegate.swift in Sources */,
			);
			runOnlyForDeploymentPostprocessing = 0;
		};
		D6EE1E062AD4D6160019C52F /* Sources */ = {
			isa = PBXSourcesBuildPhase;
			buildActionMask = 2147483647;
			files = (
				D6EE1E0F2AD4D6160019C52F /* iQuizTests.swift in Sources */,
			);
			runOnlyForDeploymentPostprocessing = 0;
		};
		D6EE1E102AD4D6160019C52F /* Sources */ = {
			isa = PBXSourcesBuildPhase;
			buildActionMask = 2147483647;
			files = (
				D6EE1E192AD4D6160019C52F /* iQuizUITests.swift in Sources */,
				D6EE1E1B2AD4D6160019C52F /* iQuizUITestsLaunchTests.swift in Sources */,
			);
			runOnlyForDeploymentPostprocessing = 0;
		};
/* End PBXSourcesBuildPhase section */

/* Begin PBXTargetDependency section */
		D6EE1E0C2AD4D6160019C52F /* PBXTargetDependency */ = {
			isa = PBXTargetDependency;
			target = D6EE1DF32AD4D6130019C52F /* iQuiz */;
			targetProxy = D6EE1E0B2AD4D6160019C52F /* PBXContainerItemProxy */;
		};
		D6EE1E162AD4D6160019C52F /* PBXTargetDependency */ = {
			isa = PBXTargetDependency;
			target = D6EE1DF32AD4D6130019C52F /* iQuiz */;
			targetProxy = D6EE1E152AD4D6160019C52F /* PBXContainerItemProxy */;
		};
/* End PBXTargetDependency section */

/* Begin PBXVariantGroup section */
		D6EE1DFD2AD4D6130019C52F /* Main.storyboard */ = {
			isa = PBXVariantGroup;
			children = (
				D6EE1DFE2AD4D6130019C52F /* Base */,
			);
			name = Main.storyboard;
			sourceTree = "<group>";
		};
		D6EE1E022AD4D6160019C52F /* LaunchScreen.storyboard */ = {
			isa = PBXVariantGroup;
			children = (
				D6EE1E032AD4D6160019C52F /* Base */,
			);
			name = LaunchScreen.storyboard;
			sourceTree = "<group>";
		};
/* End PBXVariantGroup section */

/* Begin XCBuildConfiguration section */
		D6EE1E1C2AD4D6160019C52F /* Debug */ = {
			isa = XCBuildConfiguration;
			buildSettings = {
				ALWAYS_SEARCH_USER_PATHS = NO;
				ASSETCATALOG_COMPILER_GENERATE_SWIFT_ASSET_SYMBOL_EXTENSIONS = YES;
				CLANG_ANALYZER_NONNULL = YES;
				CLANG_ANALYZER_NUMBER_OBJECT_CONVERSION = YES_AGGRESSIVE;
				CLANG_CXX_LANGUAGE_STANDARD = "gnu++20";
				CLANG_ENABLE_MODULES = YES;
				CLANG_ENABLE_OBJC_ARC = YES;
				CLANG_ENABLE_OBJC_WEAK = YES;
				CLANG_WARN_BLOCK_CAPTURE_AUTORELEASING = YES;
				CLANG_WARN_BOOL_CONVERSION = YES;
				CLANG_WARN_COMMA = YES;
				CLANG_WARN_CONSTANT_CONVERSION = YES;
				CLANG_WARN_DEPRECATED_OBJC_IMPLEMENTATIONS = YES;
				CLANG_WARN_DIRECT_OBJC_ISA_USAGE = YES_ERROR;
				CLANG_WARN_DOCUMENTATION_COMMENTS = YES;
				CLANG_WARN_EMPTY_BODY = YES;
				CLANG_WARN_ENUM_CONVERSION = YES;
				CLANG_WARN_INFINITE_RECURSION = YES;
				CLANG_WARN_INT_CONVERSION = YES;
				CLANG_WARN_NON_LITERAL_NULL_CONVERSION = YES;
				CLANG_WARN_OBJC_IMPLICIT_RETAIN_SELF = YES;
				CLANG_WARN_OBJC_LITERAL_CONVERSION = YES;
				CLANG_WARN_OBJC_ROOT_CLASS = YES_ERROR;
				CLANG_WARN_QUOTED_INCLUDE_IN_FRAMEWORK_HEADER = YES;
				CLANG_WARN_RANGE_LOOP_ANALYSIS = YES;
				CLANG_WARN_STRICT_PROTOTYPES = YES;
				CLANG_WARN_SUSPICIOUS_MOVE = YES;
				CLANG_WARN_UNGUARDED_AVAILABILITY = YES_AGGRESSIVE;
				CLANG_WARN_UNREACHABLE_CODE = YES;
				CLANG_WARN__DUPLICATE_METHOD_MATCH = YES;
				COPY_PHASE_STRIP = NO;
				DEBUG_INFORMATION_FORMAT = dwarf;
				ENABLE_STRICT_OBJC_MSGSEND = YES;
				ENABLE_TESTABILITY = YES;
				ENABLE_USER_SCRIPT_SANDBOXING = YES;
				GCC_C_LANGUAGE_STANDARD = gnu17;
				GCC_DYNAMIC_NO_PIC = NO;
				GCC_NO_COMMON_BLOCKS = YES;
				GCC_OPTIMIZATION_LEVEL = 0;
				GCC_PREPROCESSOR_DEFINITIONS = (
					"DEBUG=1",
					"$(inherited)",
				);
				GCC_WARN_64_TO_32_BIT_CONVERSION = YES;
				GCC_WARN_ABOUT_RETURN_TYPE = YES_ERROR;
				GCC_WARN_UNDECLARED_SELECTOR = YES;
				GCC_WARN_UNINITIALIZED_AUTOS = YES_AGGRESSIVE;
				GCC_WARN_UNUSED_FUNCTION = YES;
				GCC_WARN_UNUSED_VARIABLE = YES;
				IPHONEOS_DEPLOYMENT_TARGET = 17.0;
				LOCALIZATION_PREFERS_STRING_CATALOGS = YES;
				MTL_ENABLE_DEBUG_INFO = INCLUDE_SOURCE;
				MTL_FAST_MATH = YES;
				ONLY_ACTIVE_ARCH = YES;
				SDKROOT = iphoneos;
				SWIFT_ACTIVE_COMPILATION_CONDITIONS = "DEBUG $(inherited)";
				SWIFT_OPTIMIZATION_LEVEL = "-Onone";
			};
			name = Debug;
		};
		D6EE1E1D2AD4D6160019C52F /* Release */ = {
			isa = XCBuildConfiguration;
			buildSettings = {
				ALWAYS_SEARCH_USER_PATHS = NO;
				ASSETCATALOG_COMPILER_GENERATE_SWIFT_ASSET_SYMBOL_EXTENSIONS = YES;
				CLANG_ANALYZER_NONNULL = YES;
				CLANG_ANALYZER_NUMBER_OBJECT_CONVERSION = YES_AGGRESSIVE;
				CLANG_CXX_LANGUAGE_STANDARD = "gnu++20";
				CLANG_ENABLE_MODULES = YES;
				CLANG_ENABLE_OBJC_ARC = YES;
				CLANG_ENABLE_OBJC_WEAK = YES;
				CLANG_WARN_BLOCK_CAPTURE_AUTORELEASING = YES;
				CLANG_WARN_BOOL_CONVERSION = YES;
				CLANG_WARN_COMMA = YES;
				CLANG_WARN_CONSTANT_CONVERSION = YES;
				CLANG_WARN_DEPRECATED_OBJC_IMPLEMENTATIONS = YES;
				CLANG_WARN_DIRECT_OBJC_ISA_USAGE = YES_ERROR;
				CLANG_WARN_DOCUMENTATION_COMMENTS = YES;
				CLANG_WARN_EMPTY_BODY = YES;
				CLANG_WARN_ENUM_CONVERSION = YES;
				CLANG_WARN_INFINITE_RECURSION = YES;
				CLANG_WARN_INT_CONVERSION = YES;
				CLANG_WARN_NON_LITERAL_NULL_CONVERSION = YES;
				CLANG_WARN_OBJC_IMPLICIT_RETAIN_SELF = YES;
				CLANG_WARN_OBJC_LITERAL_CONVERSION = YES;
				CLANG_WARN_OBJC_ROOT_CLASS = YES_ERROR;
				CLANG_WARN_QUOTED_INCLUDE_IN_FRAMEWORK_HEADER = YES;
				CLANG_WARN_RANGE_LOOP_ANALYSIS = YES;
				CLANG_WARN_STRICT_PROTOTYPES = YES;
				CLANG_WARN_SUSPICIOUS_MOVE = YES;
				CLANG_WARN_UNGUARDED_AVAILABILITY = YES_AGGRESSIVE;
				CLANG_WARN_UNREACHABLE_CODE = YES;
				CLANG_WARN__DUPLICATE_METHOD_MATCH = YES;
				COPY_PHASE_STRIP = NO;
				DEBUG_INFORMATION_FORMAT = "dwarf-with-dsym";
				ENABLE_NS_ASSERTIONS = NO;
				ENABLE_STRICT_OBJC_MSGSEND = YES;
				ENABLE_USER_SCRIPT_SANDBOXING = YES;
				GCC_C_LANGUAGE_STANDARD = gnu17;
				GCC_NO_COMMON_BLOCKS = YES;
				GCC_WARN_64_TO_32_BIT_CONVERSION = YES;
				GCC_WARN_ABOUT_RETURN_TYPE = YES_ERROR;
				GCC_WARN_UNDECLARED_SELECTOR = YES;
				GCC_WARN_UNINITIALIZED_AUTOS = YES_AGGRESSIVE;
				GCC_WARN_UNUSED_FUNCTION = YES;
				GCC_WARN_UNUSED_VARIABLE = YES;
				IPHONEOS_DEPLOYMENT_TARGET = 17.0;
				LOCALIZATION_PREFERS_STRING_CATALOGS = YES;
				MTL_ENABLE_DEBUG_INFO = NO;
				MTL_FAST_MATH = YES;
				SDKROOT = iphoneos;
				SWIFT_COMPILATION_MODE = wholemodule;
				VALIDATE_PRODUCT = YES;
			};
			name = Release;
		};
		D6EE1E1F2AD4D6160019C52F /* Debug */ = {
			isa = XCBuildConfiguration;
			buildSettings = {
				ASSETCATALOG_COMPILER_APPICON_NAME = AppIcon;
				ASSETCATALOG_COMPILER_GLOBAL_ACCENT_COLOR_NAME = AccentColor;
				CODE_SIGN_STYLE = Automatic;
				CURRENT_PROJECT_VERSION = 1;
				GENERATE_INFOPLIST_FILE = YES;
				INFOPLIST_FILE = iQuiz/Info.plist;
				INFOPLIST_KEY_UIApplicationSupportsIndirectInputEvents = YES;
				INFOPLIST_KEY_UILaunchStoryboardName = LaunchScreen;
				INFOPLIST_KEY_UIMainStoryboardFile = Main;
				INFOPLIST_KEY_UISupportedInterfaceOrientations_iPad = "UIInterfaceOrientationPortrait UIInterfaceOrientationPortraitUpsideDown UIInterfaceOrientationLandscapeLeft UIInterfaceOrientationLandscapeRight";
				INFOPLIST_KEY_UISupportedInterfaceOrientations_iPhone = "UIInterfaceOrientationPortrait UIInterfaceOrientationLandscapeLeft UIInterfaceOrientationLandscapeRight";
				LD_RUNPATH_SEARCH_PATHS = (
					"$(inherited)",
					"@executable_path/Frameworks",
				);
				MARKETING_VERSION = 1.0;
				PRODUCT_BUNDLE_IDENTIFIER = "nao-tenho-org.iQuiz";
				PRODUCT_NAME = "$(TARGET_NAME)";
				SWIFT_EMIT_LOC_STRINGS = YES;
				SWIFT_VERSION = 5.0;
				TARGETED_DEVICE_FAMILY = "1,2";
			};
			name = Debug;
		};
		D6EE1E202AD4D6160019C52F /* Release */ = {
			isa = XCBuildConfiguration;
			buildSettings = {
				ASSETCATALOG_COMPILER_APPICON_NAME = AppIcon;
				ASSETCATALOG_COMPILER_GLOBAL_ACCENT_COLOR_NAME = AccentColor;
				CODE_SIGN_STYLE = Automatic;
				CURRENT_PROJECT_VERSION = 1;
				GENERATE_INFOPLIST_FILE = YES;
				INFOPLIST_FILE = iQuiz/Info.plist;
				INFOPLIST_KEY_UIApplicationSupportsIndirectInputEvents = YES;
				INFOPLIST_KEY_UILaunchStoryboardName = LaunchScreen;
				INFOPLIST_KEY_UIMainStoryboardFile = Main;
				INFOPLIST_KEY_UISupportedInterfaceOrientations_iPad = "UIInterfaceOrientationPortrait UIInterfaceOrientationPortraitUpsideDown UIInterfaceOrientationLandscapeLeft UIInterfaceOrientationLandscapeRight";
				INFOPLIST_KEY_UISupportedInterfaceOrientations_iPhone = "UIInterfaceOrientationPortrait UIInterfaceOrientationLandscapeLeft UIInterfaceOrientationLandscapeRight";
				LD_RUNPATH_SEARCH_PATHS = (
					"$(inherited)",
					"@executable_path/Frameworks",
				);
				MARKETING_VERSION = 1.0;
				PRODUCT_BUNDLE_IDENTIFIER = "nao-tenho-org.iQuiz";
				PRODUCT_NAME = "$(TARGET_NAME)";
				SWIFT_EMIT_LOC_STRINGS = YES;
				SWIFT_VERSION = 5.0;
				TARGETED_DEVICE_FAMILY = "1,2";
			};
			name = Release;
		};
		D6EE1E222AD4D6160019C52F /* Debug */ = {
			isa = XCBuildConfiguration;
			buildSettings = {
				ALWAYS_EMBED_SWIFT_STANDARD_LIBRARIES = YES;
				BUNDLE_LOADER = "$(TEST_HOST)";
				CODE_SIGN_STYLE = Automatic;
				CURRENT_PROJECT_VERSION = 1;
				GENERATE_INFOPLIST_FILE = YES;
				IPHONEOS_DEPLOYMENT_TARGET = 17.0;
				MARKETING_VERSION = 1.0;
				PRODUCT_BUNDLE_IDENTIFIER = "nao-tenho-org.iQuizTests";
				PRODUCT_NAME = "$(TARGET_NAME)";
				SWIFT_EMIT_LOC_STRINGS = NO;
				SWIFT_VERSION = 5.0;
				TARGETED_DEVICE_FAMILY = "1,2";
				TEST_HOST = "$(BUILT_PRODUCTS_DIR)/iQuiz.app/$(BUNDLE_EXECUTABLE_FOLDER_PATH)/iQuiz";
			};
			name = Debug;
		};
		D6EE1E232AD4D6160019C52F /* Release */ = {
			isa = XCBuildConfiguration;
			buildSettings = {
				ALWAYS_EMBED_SWIFT_STANDARD_LIBRARIES = YES;
				BUNDLE_LOADER = "$(TEST_HOST)";
				CODE_SIGN_STYLE = Automatic;
				CURRENT_PROJECT_VERSION = 1;
				GENERATE_INFOPLIST_FILE = YES;
				IPHONEOS_DEPLOYMENT_TARGET = 17.0;
				MARKETING_VERSION = 1.0;
				PRODUCT_BUNDLE_IDENTIFIER = "nao-tenho-org.iQuizTests";
				PRODUCT_NAME = "$(TARGET_NAME)";
				SWIFT_EMIT_LOC_STRINGS = NO;
				SWIFT_VERSION = 5.0;
				TARGETED_DEVICE_FAMILY = "1,2";
				TEST_HOST = "$(BUILT_PRODUCTS_DIR)/iQuiz.app/$(BUNDLE_EXECUTABLE_FOLDER_PATH)/iQuiz";
			};
			name = Release;
		};
		D6EE1E252AD4D6160019C52F /* Debug */ = {
			isa = XCBuildConfiguration;
			buildSettings = {
				ALWAYS_EMBED_SWIFT_STANDARD_LIBRARIES = YES;
				CODE_SIGN_STYLE = Automatic;
				CURRENT_PROJECT_VERSION = 1;
				GENERATE_INFOPLIST_FILE = YES;
				MARKETING_VERSION = 1.0;
				PRODUCT_BUNDLE_IDENTIFIER = "nao-tenho-org.iQuizUITests";
				PRODUCT_NAME = "$(TARGET_NAME)";
				SWIFT_EMIT_LOC_STRINGS = NO;
				SWIFT_VERSION = 5.0;
				TARGETED_DEVICE_FAMILY = "1,2";
				TEST_TARGET_NAME = iQuiz;
			};
			name = Debug;
		};
		D6EE1E262AD4D6160019C52F /* Release */ = {
			isa = XCBuildConfiguration;
			buildSettings = {
				ALWAYS_EMBED_SWIFT_STANDARD_LIBRARIES = YES;
				CODE_SIGN_STYLE = Automatic;
				CURRENT_PROJECT_VERSION = 1;
				GENERATE_INFOPLIST_FILE = YES;
				MARKETING_VERSION = 1.0;
				PRODUCT_BUNDLE_IDENTIFIER = "nao-tenho-org.iQuizUITests";
				PRODUCT_NAME = "$(TARGET_NAME)";
				SWIFT_EMIT_LOC_STRINGS = NO;
				SWIFT_VERSION = 5.0;
				TARGETED_DEVICE_FAMILY = "1,2";
				TEST_TARGET_NAME = iQuiz;
			};
			name = Release;
		};
/* End XCBuildConfiguration section */

/* Begin XCConfigurationList section */
		D6EE1DEF2AD4D6130019C52F /* Build configuration list for PBXProject "iQuiz" */ = {
			isa = XCConfigurationList;
			buildConfigurations = (
				D6EE1E1C2AD4D6160019C52F /* Debug */,
				D6EE1E1D2AD4D6160019C52F /* Release */,
			);
			defaultConfigurationIsVisible = 0;
			defaultConfigurationName = Release;
		};
		D6EE1E1E2AD4D6160019C52F /* Build configuration list for PBXNativeTarget "iQuiz" */ = {
			isa = XCConfigurationList;
			buildConfigurations = (
				D6EE1E1F2AD4D6160019C52F /* Debug */,
				D6EE1E202AD4D6160019C52F /* Release */,
			);
			defaultConfigurationIsVisible = 0;
			defaultConfigurationName = Release;
		};
		D6EE1E212AD4D6160019C52F /* Build configuration list for PBXNativeTarget "iQuizTests" */ = {
			isa = XCConfigurationList;
			buildConfigurations = (
				D6EE1E222AD4D6160019C52F /* Debug */,
				D6EE1E232AD4D6160019C52F /* Release */,
			);
			defaultConfigurationIsVisible = 0;
			defaultConfigurationName = Release;
		};
		D6EE1E242AD4D6160019C52F /* Build configuration list for PBXNativeTarget "iQuizUITests" */ = {
			isa = XCConfigurationList;
			buildConfigurations = (
				D6EE1E252AD4D6160019C52F /* Debug */,
				D6EE1E262AD4D6160019C52F /* Release */,
			);
			defaultConfigurationIsVisible = 0;
			defaultConfigurationName = Release;
		};
/* End XCConfigurationList section */
	};
	rootObject = D6EE1DEC2AD4D6130019C52F /* Project object */;
}
